
Microsoft Visual Studio Solution File, Format Version 12.00
# Visual Studio Version 17
VisualStudioVersion = 17.14.36221.1
MinimumVisualStudioVersion = 10.0.40219.1
Project("{FAE04EC0-301F-11D3-BF4B-00C04F79EFBC}") = "BaiTuanTuan3_NguyenChiTruong", "BaiTuanTuan3_NguyenChiTruong.csproj", "{8844F46E-FC6B-4568-8CFA-CD3E8F8A77C6}"
EndProject
Project("{FAE04EC0-301F-11D3-BF4B-00C04F79EFBC}") = "Test_NguyenChiTruong", "..\Test_NguyenChiTruong\Test_NguyenChiTruong.csproj", "{137D66A8-457D-4E74-92C4-E8264EDEB807}"
EndProject
Global
	GlobalSection(SolutionConfigurationPlatforms) = preSolution
		Debug|Any CPU = Debug|Any CPU
		Release|Any CPU = Release|Any CPU
	EndGlobalSection
	GlobalSection(ProjectConfigurationPlatforms) = postSolution
		{8844F46E-FC6B-4568-8CFA-CD3E8F8A77C6}.Debug|Any CPU.ActiveCfg = Debug|Any CPU
		{8844F46E-FC6B-4568-8CFA-CD3E8F8A77C6}.Debug|Any CPU.Build.0 = Debug|Any CPU
		{8844F46E-FC6B-4568-8CFA-CD3E8F8A77C6}.Release|Any CPU.ActiveCfg = Release|Any CPU
		{8844F46E-FC6B-4568-8CFA-CD3E8F8A77C6}.Release|Any CPU.Build.0 = Release|Any CPU
		{137D66A8-457D-4E74-92C4-E8264EDEB807}.Debug|Any CPU.ActiveCfg = Debug|Any CPU
		{137D66A8-457D-4E74-92C4-E8264EDEB807}.Debug|Any CPU.Build.0 = Debug|Any CPU
		{137D66A8-457D-4E74-92C4-E8264EDEB807}.Release|Any CPU.ActiveCfg = Release|Any CPU
		{137D66A8-457D-4E74-92C4-E8264EDEB807}.Release|Any CPU.Build.0 = Release|Any CPU
	EndGlobalSection
	GlobalSection(SolutionProperties) = preSolution
		HideSolutionNode = FALSE
	EndGlobalSection
	GlobalSection(ExtensibilityGlobals) = postSolution
		SolutionGuid = {9D69E38D-3880-42F0-9449-96A8A98338EE}
	EndGlobalSection
EndGlobal
